// !$*UTF8*$!
{
	archiveVersion = 1;
	classes = {
	};
	objectVersion = 56;
	objects = {

/* Begin PBXBuildFile section */
		530C4C102C2FE47B00671B08 /* RoundInputField.swift in Sources */ = {isa = PBXBuildFile; fileRef = 530C4C0F2C2FE47B00671B08 /* RoundInputField.swift */; };
		530C4C122C2FEEBC00671B08 /* CheckBoxBase.swift in Sources */ = {isa = PBXBuildFile; fileRef = 530C4C112C2FEEBC00671B08 /* CheckBoxBase.swift */; };
		530C4C142C300CCE00671B08 /* README.md in Resources */ = {isa = PBXBuildFile; fileRef = 530C4C132C300CCE00671B08 /* README.md */; };
		53426DF42C32FC9600C8E417 /* SegmentPickerView.swift in Sources */ = {isa = PBXBuildFile; fileRef = 53426DF32C32FC9600C8E417 /* SegmentPickerView.swift */; };
		5368E6ED2C2DAD6D009D1BB3 /* Router.swift in Sources */ = {isa = PBXBuildFile; fileRef = 5368E6EC2C2DAD6D009D1BB3 /* Router.swift */; };
		5368E6F02C2DB2F9009D1BB3 /* GoodDetailView.swift in Sources */ = {isa = PBXBuildFile; fileRef = 5368E6EF2C2DB2F9009D1BB3 /* GoodDetailView.swift */; };
		5368E6F22C2DB309009D1BB3 /* RegisterBaseView.swift in Sources */ = {isa = PBXBuildFile; fileRef = 5368E6F12C2DB309009D1BB3 /* RegisterBaseView.swift */; };
		539A578C2C3AB7A100322912 /* ListSampleView.swift in Sources */ = {isa = PBXBuildFile; fileRef = 539A578B2C3AB7A100322912 /* ListSampleView.swift */; };
		539A578F2C3AC59A00322912 /* NormalView.swift in Sources */ = {isa = PBXBuildFile; fileRef = 539A578E2C3AC59A00322912 /* NormalView.swift */; };
		53EAEE382C2C6E22000F5512 /* SwiftUIStudyApp.swift in Sources */ = {isa = PBXBuildFile; fileRef = 53EAEE372C2C6E22000F5512 /* SwiftUIStudyApp.swift */; };
		53EAEE3A2C2C6E22000F5512 /* ContentView.swift in Sources */ = {isa = PBXBuildFile; fileRef = 53EAEE392C2C6E22000F5512 /* ContentView.swift */; };
		53EAEE3C2C2C6E23000F5512 /* Assets.xcassets in Resources */ = {isa = PBXBuildFile; fileRef = 53EAEE3B2C2C6E23000F5512 /* Assets.xcassets */; };
		53EAEE3F2C2C6E23000F5512 /* Preview Assets.xcassets in Resources */ = {isa = PBXBuildFile; fileRef = 53EAEE3E2C2C6E23000F5512 /* Preview Assets.xcassets */; };
		53EAEE472C2C6ECD000F5512 /* AnimationCircleView.swift in Sources */ = {isa = PBXBuildFile; fileRef = 53EAEE462C2C6ECD000F5512 /* AnimationCircleView.swift */; };
/* End PBXBuildFile section */

/* Begin PBXFileReference section */
		530C4C0F2C2FE47B00671B08 /* RoundInputField.swift */ = {isa = PBXFileReference; lastKnownFileType = sourcecode.swift; path = RoundInputField.swift; sourceTree = "<group>"; };
		530C4C112C2FEEBC00671B08 /* CheckBoxBase.swift */ = {isa = PBXFileReference; lastKnownFileType = sourcecode.swift; path = CheckBoxBase.swift; sourceTree = "<group>"; };
		530C4C132C300CCE00671B08 /* README.md */ = {isa = PBXFileReference; fileEncoding = 4; lastKnownFileType = net.daringfireball.markdown; path = README.md; sourceTree = SOURCE_ROOT; };
		53426DF32C32FC9600C8E417 /* SegmentPickerView.swift */ = {isa = PBXFileReference; lastKnownFileType = sourcecode.swift; path = SegmentPickerView.swift; sourceTree = "<group>"; };
		5368E6EC2C2DAD6D009D1BB3 /* Router.swift */ = {isa = PBXFileReference; lastKnownFileType = sourcecode.swift; path = Router.swift; sourceTree = "<group>"; };
		5368E6EF2C2DB2F9009D1BB3 /* GoodDetailView.swift */ = {isa = PBXFileReference; lastKnownFileType = sourcecode.swift; path = GoodDetailView.swift; sourceTree = "<group>"; };
		5368E6F12C2DB309009D1BB3 /* RegisterBaseView.swift */ = {isa = PBXFileReference; lastKnownFileType = sourcecode.swift; path = RegisterBaseView.swift; sourceTree = "<group>"; };
		539A578B2C3AB7A100322912 /* ListSampleView.swift */ = {isa = PBXFileReference; lastKnownFileType = sourcecode.swift; path = ListSampleView.swift; sourceTree = "<group>"; };
		539A578E2C3AC59A00322912 /* NormalView.swift */ = {isa = PBXFileReference; lastKnownFileType = sourcecode.swift; path = NormalView.swift; sourceTree = "<group>"; };
		53EAEE342C2C6E22000F5512 /* SwiftUIStudy.app */ = {isa = PBXFileReference; explicitFileType = wrapper.application; includeInIndex = 0; path = SwiftUIStudy.app; sourceTree = BUILT_PRODUCTS_DIR; };
		53EAEE372C2C6E22000F5512 /* SwiftUIStudyApp.swift */ = {isa = PBXFileReference; lastKnownFileType = sourcecode.swift; path = SwiftUIStudyApp.swift; sourceTree = "<group>"; };
		53EAEE392C2C6E22000F5512 /* ContentView.swift */ = {isa = PBXFileReference; lastKnownFileType = sourcecode.swift; path = ContentView.swift; sourceTree = "<group>"; };
		53EAEE3B2C2C6E23000F5512 /* Assets.xcassets */ = {isa = PBXFileReference; lastKnownFileType = folder.assetcatalog; path = Assets.xcassets; sourceTree = "<group>"; };
		53EAEE3E2C2C6E23000F5512 /* Preview Assets.xcassets */ = {isa = PBXFileReference; lastKnownFileType = folder.assetcatalog; path = "Preview Assets.xcassets"; sourceTree = "<group>"; };
		53EAEE462C2C6ECD000F5512 /* AnimationCircleView.swift */ = {isa = PBXFileReference; lastKnownFileType = sourcecode.swift; path = AnimationCircleView.swift; sourceTree = "<group>"; };
/* End PBXFileReference section */

/* Begin PBXFrameworksBuildPhase section */
		53EAEE312C2C6E22000F5512 /* Frameworks */ = {
			isa = PBXFrameworksBuildPhase;
			buildActionMask = 2147483647;
			files = (
			);
			runOnlyForDeploymentPostprocessing = 0;
		};
/* End PBXFrameworksBuildPhase section */

/* Begin PBXGroup section */
		530C4C0E2C2FE41300671B08 /* SubView */ = {
			isa = PBXGroup;
			children = (
				530C4C0F2C2FE47B00671B08 /* RoundInputField.swift */,
				530C4C112C2FEEBC00671B08 /* CheckBoxBase.swift */,
				53426DF32C32FC9600C8E417 /* SegmentPickerView.swift */,
			);
			path = SubView;
			sourceTree = "<group>";
		};
		534FCA6F2C2FE2CF000DD50C /* Register */ = {
			isa = PBXGroup;
			children = (
				530C4C0E2C2FE41300671B08 /* SubView */,
				5368E6F12C2DB309009D1BB3 /* RegisterBaseView.swift */,
			);
			path = Register;
			sourceTree = "<group>";
		};
		5368E6EE2C2DB2D3009D1BB3 /* SubViews */ = {
			isa = PBXGroup;
			children = (
				53EAEE462C2C6ECD000F5512 /* AnimationCircleView.swift */,
			);
			path = SubViews;
			sourceTree = "<group>";
		};
		539A578A2C3AB78C00322912 /* ListSamples */ = {
			isa = PBXGroup;
			children = (
				539A578B2C3AB7A100322912 /* ListSampleView.swift */,
				539A578E2C3AC59A00322912 /* NormalView.swift */,
			);
			path = ListSamples;
			sourceTree = "<group>";
		};
		53EAEE2B2C2C6E22000F5512 = {
			isa = PBXGroup;
			children = (
				53EAEE362C2C6E22000F5512 /* SwiftUIStudy */,
				53EAEE352C2C6E22000F5512 /* Products */,
			);
			sourceTree = "<group>";
		};
		53EAEE352C2C6E22000F5512 /* Products */ = {
			isa = PBXGroup;
			children = (
				53EAEE342C2C6E22000F5512 /* SwiftUIStudy.app */,
			);
			name = Products;
			sourceTree = "<group>";
		};
		53EAEE362C2C6E22000F5512 /* SwiftUIStudy */ = {
			isa = PBXGroup;
			children = (
				53EAEE452C2C6EAF000F5512 /* Presenters */,
				5368E6EE2C2DB2D3009D1BB3 /* SubViews */,
				5368E6EC2C2DAD6D009D1BB3 /* Router.swift */,
				53EAEE372C2C6E22000F5512 /* SwiftUIStudyApp.swift */,
				53EAEE392C2C6E22000F5512 /* ContentView.swift */,
				53EAEE3B2C2C6E23000F5512 /* Assets.xcassets */,
				530C4C132C300CCE00671B08 /* README.md */,
				53EAEE3D2C2C6E23000F5512 /* Preview Content */,
			);
			path = SwiftUIStudy;
			sourceTree = "<group>";
		};
		53EAEE3D2C2C6E23000F5512 /* Preview Content */ = {
			isa = PBXGroup;
			children = (
				53EAEE3E2C2C6E23000F5512 /* Preview Assets.xcassets */,
			);
			path = "Preview Content";
			sourceTree = "<group>";
		};
		53EAEE452C2C6EAF000F5512 /* Presenters */ = {
			isa = PBXGroup;
			children = (
				539A578A2C3AB78C00322912 /* ListSamples */,
				534FCA6F2C2FE2CF000DD50C /* Register */,
				5368E6EF2C2DB2F9009D1BB3 /* GoodDetailView.swift */,
			);
			path = Presenters;
			sourceTree = "<group>";
		};
/* End PBXGroup section */

/* Begin PBXNativeTarget section */
		53EAEE332C2C6E22000F5512 /* SwiftUIStudy */ = {
			isa = PBXNativeTarget;
			buildConfigurationList = 53EAEE422C2C6E23000F5512 /* Build configuration list for PBXNativeTarget "SwiftUIStudy" */;
			buildPhases = (
				53EAEE302C2C6E22000F5512 /* Sources */,
				53EAEE312C2C6E22000F5512 /* Frameworks */,
				53EAEE322C2C6E22000F5512 /* Resources */,
			);
			buildRules = (
			);
			dependencies = (
			);
			name = SwiftUIStudy;
			productName = SwiftUIStudy;
			productReference = 53EAEE342C2C6E22000F5512 /* SwiftUIStudy.app */;
			productType = "com.apple.product-type.application";
		};
/* End PBXNativeTarget section */

/* Begin PBXProject section */
		53EAEE2C2C2C6E22000F5512 /* Project object */ = {
			isa = PBXProject;
			attributes = {
				BuildIndependentTargetsInParallel = 1;
				LastSwiftUpdateCheck = 1530;
				LastUpgradeCheck = 1530;
				TargetAttributes = {
					53EAEE332C2C6E22000F5512 = {
						CreatedOnToolsVersion = 15.3;
					};
				};
			};
			buildConfigurationList = 53EAEE2F2C2C6E22000F5512 /* Build configuration list for PBXProject "SwiftUIStudy" */;
			compatibilityVersion = "Xcode 14.0";
			developmentRegion = en;
			hasScannedForEncodings = 0;
			knownRegions = (
				en,
				Base,
			);
			mainGroup = 53EAEE2B2C2C6E22000F5512;
			productRefGroup = 53EAEE352C2C6E22000F5512 /* Products */;
			projectDirPath = "";
			projectRoot = "";
			targets = (
				53EAEE332C2C6E22000F5512 /* SwiftUIStudy */,
			);
		};
/* End PBXProject section */

/* Begin PBXResourcesBuildPhase section */
		53EAEE322C2C6E22000F5512 /* Resources */ = {
			isa = PBXResourcesBuildPhase;
			buildActionMask = 2147483647;
			files = (
				530C4C142C300CCE00671B08 /* README.md in Resources */,
				53EAEE3F2C2C6E23000F5512 /* Preview Assets.xcassets in Resources */,
				53EAEE3C2C2C6E23000F5512 /* Assets.xcassets in Resources */,
			);
			runOnlyForDeploymentPostprocessing = 0;
		};
/* End PBXResourcesBuildPhase section */

/* Begin PBXSourcesBuildPhase section */
		53EAEE302C2C6E22000F5512 /* Sources */ = {
			isa = PBXSourcesBuildPhase;
			buildActionMask = 2147483647;
			files = (
				539A578F2C3AC59A00322912 /* NormalView.swift in Sources */,
				53426DF42C32FC9600C8E417 /* SegmentPickerView.swift in Sources */,
				530C4C102C2FE47B00671B08 /* RoundInputField.swift in Sources */,
				5368E6F02C2DB2F9009D1BB3 /* GoodDetailView.swift in Sources */,
				5368E6ED2C2DAD6D009D1BB3 /* Router.swift in Sources */,
				5368E6F22C2DB309009D1BB3 /* RegisterBaseView.swift in Sources */,
				53EAEE3A2C2C6E22000F5512 /* ContentView.swift in Sources */,
				53EAEE382C2C6E22000F5512 /* SwiftUIStudyApp.swift in Sources */,
				53EAEE472C2C6ECD000F5512 /* AnimationCircleView.swift in Sources */,
				539A578C2C3AB7A100322912 /* ListSampleView.swift in Sources */,
				530C4C122C2FEEBC00671B08 /* CheckBoxBase.swift in Sources */,
			);
			runOnlyForDeploymentPostprocessing = 0;
		};
/* End PBXSourcesBuildPhase section */

/* Begin XCBuildConfiguration section */
		53EAEE402C2C6E23000F5512 /* Debug */ = {
			isa = XCBuildConfiguration;
			buildSettings = {
				ALWAYS_SEARCH_USER_PATHS = NO;
				ASSETCATALOG_COMPILER_GENERATE_SWIFT_ASSET_SYMBOL_EXTENSIONS = YES;
				CLANG_ANALYZER_NONNULL = YES;
				CLANG_ANALYZER_NUMBER_OBJECT_CONVERSION = YES_AGGRESSIVE;
				CLANG_CXX_LANGUAGE_STANDARD = "gnu++20";
				CLANG_ENABLE_MODULES = YES;
				CLANG_ENABLE_OBJC_ARC = YES;
				CLANG_ENABLE_OBJC_WEAK = YES;
				CLANG_WARN_BLOCK_CAPTURE_AUTORELEASING = YES;
				CLANG_WARN_BOOL_CONVERSION = YES;
				CLANG_WARN_COMMA = YES;
				CLANG_WARN_CONSTANT_CONVERSION = YES;
				CLANG_WARN_DEPRECATED_OBJC_IMPLEMENTATIONS = YES;
				CLANG_WARN_DIRECT_OBJC_ISA_USAGE = YES_ERROR;
				CLANG_WARN_DOCUMENTATION_COMMENTS = YES;
				CLANG_WARN_EMPTY_BODY = YES;
				CLANG_WARN_ENUM_CONVERSION = YES;
				CLANG_WARN_INFINITE_RECURSION = YES;
				CLANG_WARN_INT_CONVERSION = YES;
				CLANG_WARN_NON_LITERAL_NULL_CONVERSION = YES;
				CLANG_WARN_OBJC_IMPLICIT_RETAIN_SELF = YES;
				CLANG_WARN_OBJC_LITERAL_CONVERSION = YES;
				CLANG_WARN_OBJC_ROOT_CLASS = YES_ERROR;
				CLANG_WARN_QUOTED_INCLUDE_IN_FRAMEWORK_HEADER = YES;
				CLANG_WARN_RANGE_LOOP_ANALYSIS = YES;
				CLANG_WARN_STRICT_PROTOTYPES = YES;
				CLANG_WARN_SUSPICIOUS_MOVE = YES;
				CLANG_WARN_UNGUARDED_AVAILABILITY = YES_AGGRESSIVE;
				CLANG_WARN_UNREACHABLE_CODE = YES;
				CLANG_WARN__DUPLICATE_METHOD_MATCH = YES;
				COPY_PHASE_STRIP = NO;
				DEBUG_INFORMATION_FORMAT = dwarf;
				ENABLE_STRICT_OBJC_MSGSEND = YES;
				ENABLE_TESTABILITY = YES;
				ENABLE_USER_SCRIPT_SANDBOXING = YES;
				GCC_C_LANGUAGE_STANDARD = gnu17;
				GCC_DYNAMIC_NO_PIC = NO;
				GCC_NO_COMMON_BLOCKS = YES;
				GCC_OPTIMIZATION_LEVEL = 0;
				GCC_PREPROCESSOR_DEFINITIONS = (
					"DEBUG=1",
					"$(inherited)",
				);
				GCC_WARN_64_TO_32_BIT_CONVERSION = YES;
				GCC_WARN_ABOUT_RETURN_TYPE = YES_ERROR;
				GCC_WARN_UNDECLARED_SELECTOR = YES;
				GCC_WARN_UNINITIALIZED_AUTOS = YES_AGGRESSIVE;
				GCC_WARN_UNUSED_FUNCTION = YES;
				GCC_WARN_UNUSED_VARIABLE = YES;
				IPHONEOS_DEPLOYMENT_TARGET = 17.4;
				LOCALIZATION_PREFERS_STRING_CATALOGS = YES;
				MTL_ENABLE_DEBUG_INFO = INCLUDE_SOURCE;
				MTL_FAST_MATH = YES;
				ONLY_ACTIVE_ARCH = YES;
				SDKROOT = iphoneos;
				SWIFT_ACTIVE_COMPILATION_CONDITIONS = "DEBUG $(inherited)";
				SWIFT_OPTIMIZATION_LEVEL = "-Onone";
			};
			name = Debug;
		};
		53EAEE412C2C6E23000F5512 /* Release */ = {
			isa = XCBuildConfiguration;
			buildSettings = {
				ALWAYS_SEARCH_USER_PATHS = NO;
				ASSETCATALOG_COMPILER_GENERATE_SWIFT_ASSET_SYMBOL_EXTENSIONS = YES;
				CLANG_ANALYZER_NONNULL = YES;
				CLANG_ANALYZER_NUMBER_OBJECT_CONVERSION = YES_AGGRESSIVE;
				CLANG_CXX_LANGUAGE_STANDARD = "gnu++20";
				CLANG_ENABLE_MODULES = YES;
				CLANG_ENABLE_OBJC_ARC = YES;
				CLANG_ENABLE_OBJC_WEAK = YES;
				CLANG_WARN_BLOCK_CAPTURE_AUTORELEASING = YES;
				CLANG_WARN_BOOL_CONVERSION = YES;
				CLANG_WARN_COMMA = YES;
				CLANG_WARN_CONSTANT_CONVERSION = YES;
				CLANG_WARN_DEPRECATED_OBJC_IMPLEMENTATIONS = YES;
				CLANG_WARN_DIRECT_OBJC_ISA_USAGE = YES_ERROR;
				CLANG_WARN_DOCUMENTATION_COMMENTS = YES;
				CLANG_WARN_EMPTY_BODY = YES;
				CLANG_WARN_ENUM_CONVERSION = YES;
				CLANG_WARN_INFINITE_RECURSION = YES;
				CLANG_WARN_INT_CONVERSION = YES;
				CLANG_WARN_NON_LITERAL_NULL_CONVERSION = YES;
				CLANG_WARN_OBJC_IMPLICIT_RETAIN_SELF = YES;
				CLANG_WARN_OBJC_LITERAL_CONVERSION = YES;
				CLANG_WARN_OBJC_ROOT_CLASS = YES_ERROR;
				CLANG_WARN_QUOTED_INCLUDE_IN_FRAMEWORK_HEADER = YES;
				CLANG_WARN_RANGE_LOOP_ANALYSIS = YES;
				CLANG_WARN_STRICT_PROTOTYPES = YES;
				CLANG_WARN_SUSPICIOUS_MOVE = YES;
				CLANG_WARN_UNGUARDED_AVAILABILITY = YES_AGGRESSIVE;
				CLANG_WARN_UNREACHABLE_CODE = YES;
				CLANG_WARN__DUPLICATE_METHOD_MATCH = YES;
				COPY_PHASE_STRIP = NO;
				DEBUG_INFORMATION_FORMAT = "dwarf-with-dsym";
				ENABLE_NS_ASSERTIONS = NO;
				ENABLE_STRICT_OBJC_MSGSEND = YES;
				ENABLE_USER_SCRIPT_SANDBOXING = YES;
				GCC_C_LANGUAGE_STANDARD = gnu17;
				GCC_NO_COMMON_BLOCKS = YES;
				GCC_WARN_64_TO_32_BIT_CONVERSION = YES;
				GCC_WARN_ABOUT_RETURN_TYPE = YES_ERROR;
				GCC_WARN_UNDECLARED_SELECTOR = YES;
				GCC_WARN_UNINITIALIZED_AUTOS = YES_AGGRESSIVE;
				GCC_WARN_UNUSED_FUNCTION = YES;
				GCC_WARN_UNUSED_VARIABLE = YES;
				IPHONEOS_DEPLOYMENT_TARGET = 17.4;
				LOCALIZATION_PREFERS_STRING_CATALOGS = YES;
				MTL_ENABLE_DEBUG_INFO = NO;
				MTL_FAST_MATH = YES;
				SDKROOT = iphoneos;
				SWIFT_COMPILATION_MODE = wholemodule;
				VALIDATE_PRODUCT = YES;
			};
			name = Release;
		};
		53EAEE432C2C6E23000F5512 /* Debug */ = {
			isa = XCBuildConfiguration;
			buildSettings = {
				ASSETCATALOG_COMPILER_APPICON_NAME = AppIcon;
				ASSETCATALOG_COMPILER_GLOBAL_ACCENT_COLOR_NAME = AccentColor;
				CODE_SIGN_STYLE = Automatic;
				CURRENT_PROJECT_VERSION = 1;
				DEVELOPMENT_ASSET_PATHS = "\"SwiftUIStudy/Preview Content\"";
				DEVELOPMENT_TEAM = ZP2DUBL9ML;
				ENABLE_PREVIEWS = YES;
				GENERATE_INFOPLIST_FILE = YES;
				INFOPLIST_KEY_UIApplicationSceneManifest_Generation = YES;
				INFOPLIST_KEY_UIApplicationSupportsIndirectInputEvents = YES;
				INFOPLIST_KEY_UILaunchScreen_Generation = YES;
				INFOPLIST_KEY_UISupportedInterfaceOrientations_iPad = "UIInterfaceOrientationPortrait UIInterfaceOrientationPortraitUpsideDown UIInterfaceOrientationLandscapeLeft UIInterfaceOrientationLandscapeRight";
				INFOPLIST_KEY_UISupportedInterfaceOrientations_iPhone = "UIInterfaceOrientationPortrait UIInterfaceOrientationLandscapeLeft UIInterfaceOrientationLandscapeRight";
				IPHONEOS_DEPLOYMENT_TARGET = 15.0;
				LD_RUNPATH_SEARCH_PATHS = (
					"$(inherited)",
					"@executable_path/Frameworks",
				);
				MARKETING_VERSION = 1.0;
				PRODUCT_BUNDLE_IDENTIFIER = com.hyuny.SwiftUIStudy;
				PRODUCT_NAME = "$(TARGET_NAME)";
				SUPPORTED_PLATFORMS = "iphoneos iphonesimulator";
				SUPPORTS_MACCATALYST = NO;
				SUPPORTS_XR_DESIGNED_FOR_IPHONE_IPAD = NO;
				SWIFT_EMIT_LOC_STRINGS = YES;
				SWIFT_VERSION = 5.0;
				TARGETED_DEVICE_FAMILY = "1,2";
			};
			name = Debug;
		};
		53EAEE442C2C6E23000F5512 /* Release */ = {
			isa = XCBuildConfiguration;
			buildSettings = {
				ASSETCATALOG_COMPILER_APPICON_NAME = AppIcon;
				ASSETCATALOG_COMPILER_GLOBAL_ACCENT_COLOR_NAME = AccentColor;
				CODE_SIGN_STYLE = Automatic;
				CURRENT_PROJECT_VERSION = 1;
				DEVELOPMENT_ASSET_PATHS = "\"SwiftUIStudy/Preview Content\"";
				DEVELOPMENT_TEAM = ZP2DUBL9ML;
				ENABLE_PREVIEWS = YES;
				GENERATE_INFOPLIST_FILE = YES;
				INFOPLIST_KEY_UIApplicationSceneManifest_Generation = YES;
				INFOPLIST_KEY_UIApplicationSupportsIndirectInputEvents = YES;
				INFOPLIST_KEY_UILaunchScreen_Generation = YES;
				INFOPLIST_KEY_UISupportedInterfaceOrientations_iPad = "UIInterfaceOrientationPortrait UIInterfaceOrientationPortraitUpsideDown UIInterfaceOrientationLandscapeLeft UIInterfaceOrientationLandscapeRight";
				INFOPLIST_KEY_UISupportedInterfaceOrientations_iPhone = "UIInterfaceOrientationPortrait UIInterfaceOrientationLandscapeLeft UIInterfaceOrientationLandscapeRight";
				IPHONEOS_DEPLOYMENT_TARGET = 15.0;
				LD_RUNPATH_SEARCH_PATHS = (
					"$(inherited)",
					"@executable_path/Frameworks",
				);
				MARKETING_VERSION = 1.0;
				PRODUCT_BUNDLE_IDENTIFIER = com.hyuny.SwiftUIStudy;
				PRODUCT_NAME = "$(TARGET_NAME)";
				SUPPORTED_PLATFORMS = "iphoneos iphonesimulator";
				SUPPORTS_MACCATALYST = NO;
				SUPPORTS_XR_DESIGNED_FOR_IPHONE_IPAD = NO;
				SWIFT_EMIT_LOC_STRINGS = YES;
				SWIFT_VERSION = 5.0;
				TARGETED_DEVICE_FAMILY = "1,2";
			};
			name = Release;
		};
/* End XCBuildConfiguration section */

/* Begin XCConfigurationList section */
		53EAEE2F2C2C6E22000F5512 /* Build configuration list for PBXProject "SwiftUIStudy" */ = {
			isa = XCConfigurationList;
			buildConfigurations = (
				53EAEE402C2C6E23000F5512 /* Debug */,
				53EAEE412C2C6E23000F5512 /* Release */,
			);
			defaultConfigurationIsVisible = 0;
			defaultConfigurationName = Release;
		};
		53EAEE422C2C6E23000F5512 /* Build configuration list for PBXNativeTarget "SwiftUIStudy" */ = {
			isa = XCConfigurationList;
			buildConfigurations = (
				53EAEE432C2C6E23000F5512 /* Debug */,
				53EAEE442C2C6E23000F5512 /* Release */,
			);
			defaultConfigurationIsVisible = 0;
			defaultConfigurationName = Release;
		};
/* End XCConfigurationList section */
	};
	rootObject = 53EAEE2C2C2C6E22000F5512 /* Project object */;
}
